{
  "version": 4,
  "terraform_version": "0.13.1",
  "serial": 97,
  "lineage": "b41ce110-49ed-3faa-60e5-d2bb50f82061",
  "outputs": {},
  "resources": [
    {
      "mode": "managed",
      "type": "aws_vpc",
      "name": "main_vpc",
      "provider": "provider[\"registry.terraform.io/hashicorp/aws\"]",
      "instances": [
        {
          "schema_version": 1,
          "attributes": {
            "arn": "arn:aws:ec2:eu-west-3:782682618608:vpc/vpc-0f4548f17f8a408be",
            "assign_generated_ipv6_cidr_block": false,
            "cidr_block": "10.0.0.0/16",
            "default_network_acl_id": "acl-0d49638af2d84c6fb",
            "default_route_table_id": "rtb-024f95c8f4916be6a",
            "default_security_group_id": "sg-094ec861d0e3f34a1",
            "dhcp_options_id": "dopt-b4d48cdd",
            "enable_classiclink": null,
            "enable_classiclink_dns_support": null,
            "enable_dns_hostnames": false,
            "enable_dns_support": true,
            "id": "vpc-0f4548f17f8a408be",
            "instance_tenancy": "default",
            "ipv6_association_id": "",
            "ipv6_cidr_block": "",
            "main_route_table_id": "rtb-024f95c8f4916be6a",
            "owner_id": "782682618608",
            "tags": {
              "Name": "dev-unzer"
            },
            "tags_all": {
              "Name": "dev-unzer"
            }
          }
        }
      ]
    }
  ]
}
